Microsoft Visual Studio Solution File, Format Version 12.00
# Visual Studio Version 17
VisualStudioVersion = 17.5.2.0
MinimumVisualStudioVersion = 10.0.40219.1
Project("{FAE04EC0-301F-11D3-BF4B-00C04F79EFBC}") = "Location.Api", "Location.Api\Location.Api.csproj", "{454A55B9-D591-72DF-D7B1-0DC3B6232731}"
EndProject
Project("{FAE04EC0-301F-11D3-BF4B-00C04F79EFBC}") = "Location.Application", "Location.Application\Location.Application.csproj", "{004DD0B5-DEC9-F985-02A5-58AD888425DD}"
EndProject
Project("{FAE04EC0-301F-11D3-BF4B-00C04F79EFBC}") = "Location.Domain", "Location.Domain\Location.Domain.csproj", "{1E03D1E6-E3B4-B2ED-1AA4-274B453870D0}"
EndProject
Project("{FAE04EC0-301F-11D3-BF4B-00C04F79EFBC}") = "Location.Infrastructure", "Location.Infrastructure\Location.Infrastructure.csproj", "{106300E4-016B-5AFA-B2D9-5CF2E0CB57DE}"
EndProject
Global
	GlobalSection(SolutionConfigurationPlatforms) = preSolution
		Debug|Any CPU = Debug|Any CPU
		Release|Any CPU = Release|Any CPU
	EndGlobalSection
	GlobalSection(ProjectConfigurationPlatforms) = postSolution
		{454A55B9-D591-72DF-D7B1-0DC3B6232731}.Debug|Any CPU.ActiveCfg = Debug|Any CPU
		{454A55B9-D591-72DF-D7B1-0DC3B6232731}.Debug|Any CPU.Build.0 = Debug|Any CPU
		{454A55B9-D591-72DF-D7B1-0DC3B6232731}.Release|Any CPU.ActiveCfg = Release|Any CPU
		{454A55B9-D591-72DF-D7B1-0DC3B6232731}.Release|Any CPU.Build.0 = Release|Any CPU
		{004DD0B5-DEC9-F985-02A5-58AD888425DD}.Debug|Any CPU.ActiveCfg = Debug|Any CPU
		{004DD0B5-DEC9-F985-02A5-58AD888425DD}.Debug|Any CPU.Build.0 = Debug|Any CPU
		{004DD0B5-DEC9-F985-02A5-58AD888425DD}.Release|Any CPU.ActiveCfg = Release|Any CPU
		{004DD0B5-DEC9-F985-02A5-58AD888425DD}.Release|Any CPU.Build.0 = Release|Any CPU
		{1E03D1E6-E3B4-B2ED-1AA4-274B453870D0}.Debug|Any CPU.ActiveCfg = Debug|Any CPU
		{1E03D1E6-E3B4-B2ED-1AA4-274B453870D0}.Debug|Any CPU.Build.0 = Debug|Any CPU
		{1E03D1E6-E3B4-B2ED-1AA4-274B453870D0}.Release|Any CPU.ActiveCfg = Release|Any CPU
		{1E03D1E6-E3B4-B2ED-1AA4-274B453870D0}.Release|Any CPU.Build.0 = Release|Any CPU
		{106300E4-016B-5AFA-B2D9-5CF2E0CB57DE}.Debug|Any CPU.ActiveCfg = Debug|Any CPU
		{106300E4-016B-5AFA-B2D9-5CF2E0CB57DE}.Debug|Any CPU.Build.0 = Debug|Any CPU
		{106300E4-016B-5AFA-B2D9-5CF2E0CB57DE}.Release|Any CPU.ActiveCfg = Release|Any CPU
		{106300E4-016B-5AFA-B2D9-5CF2E0CB57DE}.Release|Any CPU.Build.0 = Release|Any CPU
	EndGlobalSection
	GlobalSection(SolutionProperties) = preSolution
		HideSolutionNode = FALSE
	EndGlobalSection
	GlobalSection(ExtensibilityGlobals) = postSolution
		SolutionGuid = {76FD0C57-2B5A-4794-B018-D967D5D4DAB9}
	EndGlobalSection
EndGlobal
